
Microsoft Visual Studio Solution File, Format Version 12.00
Project("{FAE04EC0-301F-11D3-BF4B-00C04F79EFBC}") = "SimpleMarket", "SimpleMarket\SimpleMarket.csproj", "{58AB3230-07CC-471A-AF12-776C6B1EB7EB}"
EndProject
Global
	GlobalSection(SolutionConfigurationPlatforms) = preSolution
		Debug|Any CPU = Debug|Any CPU
		Release|Any CPU = Release|Any CPU
	EndGlobalSection
	GlobalSection(ProjectConfigurationPlatforms) = postSolution
		{58AB3230-07CC-471A-AF12-776C6B1EB7EB}.Debug|Any CPU.ActiveCfg = Debug|Any CPU
		{58AB3230-07CC-471A-AF12-776C6B1EB7EB}.Debug|Any CPU.Build.0 = Debug|Any CPU
		{58AB3230-07CC-471A-AF12-776C6B1EB7EB}.Release|Any CPU.ActiveCfg = Release|Any CPU
		{58AB3230-07CC-471A-AF12-776C6B1EB7EB}.Release|Any CPU.Build.0 = Release|Any CPU
	EndGlobalSection
EndGlobal
